
Microsoft Visual Studio Solution File, Format Version 12.00
# Visual Studio Version 16
VisualStudioVersion = 16.0.30804.86
MinimumVisualStudioVersion = 10.0.40219.1
Project("{FAE04EC0-301F-11D3-BF4B-00C04F79EFBC}") = "MediatR", "MediatR\MediatR.csproj", "{F68894F1-382C-4DC2-90B7-434F50CEE9F6}"
EndProject
Project("{FAE04EC0-301F-11D3-BF4B-00C04F79EFBC}") = "MediateR_NetCore", "MediateR_NetCore\MediateR_NetCore.csproj", "{09C09ADC-9695-49FD-B20A-608751E23164}"
EndProject
Global
	GlobalSection(SolutionConfigurationPlatforms) = preSolution
		Debug|Any CPU = Debug|Any CPU
		Release|Any CPU = Release|Any CPU
	EndGlobalSection
	GlobalSection(ProjectConfigurationPlatforms) = postSolution
		{F68894F1-382C-4DC2-90B7-434F50CEE9F6}.Debug|Any CPU.ActiveCfg = Debug|Any CPU
		{F68894F1-382C-4DC2-90B7-434F50CEE9F6}.Debug|Any CPU.Build.0 = Debug|Any CPU
		{F68894F1-382C-4DC2-90B7-434F50CEE9F6}.Release|Any CPU.ActiveCfg = Release|Any CPU
		{F68894F1-382C-4DC2-90B7-434F50CEE9F6}.Release|Any CPU.Build.0 = Release|Any CPU
		{09C09ADC-9695-49FD-B20A-608751E23164}.Debug|Any CPU.ActiveCfg = Debug|Any CPU
		{09C09ADC-9695-49FD-B20A-608751E23164}.Debug|Any CPU.Build.0 = Debug|Any CPU
		{09C09ADC-9695-49FD-B20A-608751E23164}.Release|Any CPU.ActiveCfg = Release|Any CPU
		{09C09ADC-9695-49FD-B20A-608751E23164}.Release|Any CPU.Build.0 = Release|Any CPU
	EndGlobalSection
	GlobalSection(SolutionProperties) = preSolution
		HideSolutionNode = FALSE
	EndGlobalSection
	GlobalSection(ExtensibilityGlobals) = postSolution
		SolutionGuid = {25040C75-16E1-46BC-B0C1-27A7C1CEC441}
	EndGlobalSection
EndGlobal
